// !$*UTF8*$!
{
	archiveVersion = 1;
	classes = {
	};
	objectVersion = 46;
	objects = {

/* Begin PBXBuildFile section */
		954B336F1E70B71F00BEDD4D /* ImageCell.swift in Sources */ = {isa = PBXBuildFile; fileRef = 954B336E1E70B71F00BEDD4D /* ImageCell.swift */; };
		FA98527A1E6EE59E00E51DDB /* AppDelegate.swift in Sources */ = {isa = PBXBuildFile; fileRef = FA9852791E6EE59E00E51DDB /* AppDelegate.swift */; };
		FA98527C1E6EE59E00E51DDB /* MainController.swift in Sources */ = {isa = PBXBuildFile; fileRef = FA98527B1E6EE59E00E51DDB /* MainController.swift */; };
		FA9852811E6EE59E00E51DDB /* Assets.xcassets in Resources */ = {isa = PBXBuildFile; fileRef = FA9852801E6EE59E00E51DDB /* Assets.xcassets */; };
		FA9852841E6EE59E00E51DDB /* LaunchScreen.storyboard in Resources */ = {isa = PBXBuildFile; fileRef = FA9852821E6EE59E00E51DDB /* LaunchScreen.storyboard */; };
		FA98528C1E6EE68300E51DDB /* UIImageExtensions.swift in Sources */ = {isa = PBXBuildFile; fileRef = FA98528B1E6EE68300E51DDB /* UIImageExtensions.swift */; };
/* End PBXBuildFile section */

/* Begin PBXFileReference section */
		954B336E1E70B71F00BEDD4D /* ImageCell.swift */ = {isa = PBXFileReference; fileEncoding = 4; lastKnownFileType = sourcecode.swift; path = ImageCell.swift; sourceTree = "<group>"; };
		FA9852761E6EE59E00E51DDB /* PhotoCarousel.app */ = {isa = PBXFileReference; explicitFileType = wrapper.application; includeInIndex = 0; path = PhotoCarousel.app; sourceTree = BUILT_PRODUCTS_DIR; };
		FA9852791E6EE59E00E51DDB /* AppDelegate.swift */ = {isa = PBXFileReference; lastKnownFileType = sourcecode.swift; path = AppDelegate.swift; sourceTree = "<group>"; };
		FA98527B1E6EE59E00E51DDB /* MainController.swift */ = {isa = PBXFileReference; lastKnownFileType = sourcecode.swift; path = MainController.swift; sourceTree = "<group>"; };
		FA9852801E6EE59E00E51DDB /* Assets.xcassets */ = {isa = PBXFileReference; lastKnownFileType = folder.assetcatalog; path = Assets.xcassets; sourceTree = "<group>"; };
		FA9852831E6EE59E00E51DDB /* Base */ = {isa = PBXFileReference; lastKnownFileType = file.storyboard; name = Base; path = Base.lproj/LaunchScreen.storyboard; sourceTree = "<group>"; };
		FA9852851E6EE59E00E51DDB /* Info.plist */ = {isa = PBXFileReference; lastKnownFileType = text.plist.xml; path = Info.plist; sourceTree = "<group>"; };
		FA98528B1E6EE68300E51DDB /* UIImageExtensions.swift */ = {isa = PBXFileReference; fileEncoding = 4; lastKnownFileType = sourcecode.swift; path = UIImageExtensions.swift; sourceTree = "<group>"; };
/* End PBXFileReference section */

/* Begin PBXFrameworksBuildPhase section */
		FA9852731E6EE59E00E51DDB /* Frameworks */ = {
			isa = PBXFrameworksBuildPhase;
			buildActionMask = 2147483647;
			files = (
			);
			runOnlyForDeploymentPostprocessing = 0;
		};
/* End PBXFrameworksBuildPhase section */

/* Begin PBXGroup section */
		FA98526D1E6EE59E00E51DDB = {
			isa = PBXGroup;
			children = (
				FA9852781E6EE59E00E51DDB /* PhotoCarousel */,
				FA9852771E6EE59E00E51DDB /* Products */,
			);
			sourceTree = "<group>";
		};
		FA9852771E6EE59E00E51DDB /* Products */ = {
			isa = PBXGroup;
			children = (
				FA9852761E6EE59E00E51DDB /* PhotoCarousel.app */,
			);
			name = Products;
			sourceTree = "<group>";
		};
		FA9852781E6EE59E00E51DDB /* PhotoCarousel */ = {
			isa = PBXGroup;
			children = (
				FA9852791E6EE59E00E51DDB /* AppDelegate.swift */,
				FA9852801E6EE59E00E51DDB /* Assets.xcassets */,
				FA9852851E6EE59E00E51DDB /* Info.plist */,
				FA9852821E6EE59E00E51DDB /* LaunchScreen.storyboard */,
				FA98528B1E6EE68300E51DDB /* UIImageExtensions.swift */,
				FA98527B1E6EE59E00E51DDB /* MainController.swift */,
				954B336E1E70B71F00BEDD4D /* ImageCell.swift */,
			);
			path = PhotoCarousel;
			sourceTree = "<group>";
		};
/* End PBXGroup section */

/* Begin PBXNativeTarget section */
		FA9852751E6EE59E00E51DDB /* PhotoCarousel */ = {
			isa = PBXNativeTarget;
			buildConfigurationList = FA9852881E6EE59E00E51DDB /* Build configuration list for PBXNativeTarget "PhotoCarousel" */;
			buildPhases = (
				FA9852721E6EE59E00E51DDB /* Sources */,
				FA9852731E6EE59E00E51DDB /* Frameworks */,
				FA9852741E6EE59E00E51DDB /* Resources */,
			);
			buildRules = (
			);
			dependencies = (
			);
			name = PhotoCarousel;
			productName = PhotoCarousel;
			productReference = FA9852761E6EE59E00E51DDB /* PhotoCarousel.app */;
			productType = "com.apple.product-type.application";
		};
/* End PBXNativeTarget section */

/* Begin PBXProject section */
		FA98526E1E6EE59E00E51DDB /* Project object */ = {
			isa = PBXProject;
			attributes = {
				LastSwiftUpdateCheck = 0820;
				LastUpgradeCheck = 0820;
				ORGANIZATIONNAME = VillyG;
				TargetAttributes = {
					FA9852751E6EE59E00E51DDB = {
						CreatedOnToolsVersion = 8.2.1;
						DevelopmentTeam = L5J8WF84V2;
						ProvisioningStyle = Automatic;
					};
				};
			};
			buildConfigurationList = FA9852711E6EE59E00E51DDB /* Build configuration list for PBXProject "PhotoCarousel" */;
			compatibilityVersion = "Xcode 3.2";
			developmentRegion = English;
			hasScannedForEncodings = 0;
			knownRegions = (
				en,
				Base,
			);
			mainGroup = FA98526D1E6EE59E00E51DDB;
			productRefGroup = FA9852771E6EE59E00E51DDB /* Products */;
			projectDirPath = "";
			projectRoot = "";
			targets = (
				FA9852751E6EE59E00E51DDB /* PhotoCarousel */,
			);
		};
/* End PBXProject section */

/* Begin PBXResourcesBuildPhase section */
		FA9852741E6EE59E00E51DDB /* Resources */ = {
			isa = PBXResourcesBuildPhase;
			buildActionMask = 2147483647;
			files = (
				FA9852841E6EE59E00E51DDB /* LaunchScreen.storyboard in Resources */,
				FA9852811E6EE59E00E51DDB /* Assets.xcassets in Resources */,
			);
			runOnlyForDeploymentPostprocessing = 0;
		};
/* End PBXResourcesBuildPhase section */

/* Begin PBXSourcesBuildPhase section */
		FA9852721E6EE59E00E51DDB /* Sources */ = {
			isa = PBXSourcesBuildPhase;
			buildActionMask = 2147483647;
			files = (
				FA98528C1E6EE68300E51DDB /* UIImageExtensions.swift in Sources */,
				954B336F1E70B71F00BEDD4D /* ImageCell.swift in Sources */,
				FA98527C1E6EE59E00E51DDB /* MainController.swift in Sources */,
				FA98527A1E6EE59E00E51DDB /* AppDelegate.swift in Sources */,
			);
			runOnlyForDeploymentPostprocessing = 0;
		};
/* End PBXSourcesBuildPhase section */

/* Begin PBXVariantGroup section */
		FA9852821E6EE59E00E51DDB /* LaunchScreen.storyboard */ = {
			isa = PBXVariantGroup;
			children = (
				FA9852831E6EE59E00E51DDB /* Base */,
			);
			name = LaunchScreen.storyboard;
			sourceTree = "<group>";
		};
/* End PBXVariantGroup section */

/* Begin XCBuildConfiguration section */
		FA9852861E6EE59E00E51DDB /* Debug */ = {
			isa = XCBuildConfiguration;
			buildSettings = {
				ALWAYS_SEARCH_USER_PATHS = NO;
				CLANG_ANALYZER_NONNULL = YES;
				CLANG_CXX_LANGUAGE_STANDARD = "gnu++0x";
				CLANG_CXX_LIBRARY = "libc++";
				CLANG_ENABLE_MODULES = YES;
				CLANG_ENABLE_OBJC_ARC = YES;
				CLANG_WARN_BOOL_CONVERSION = YES;
				CLANG_WARN_CONSTANT_CONVERSION = YES;
				CLANG_WARN_DIRECT_OBJC_ISA_USAGE = YES_ERROR;
				CLANG_WARN_DOCUMENTATION_COMMENTS = YES;
				CLANG_WARN_EMPTY_BODY = YES;
				CLANG_WARN_ENUM_CONVERSION = YES;
				CLANG_WARN_INFINITE_RECURSION = YES;
				CLANG_WARN_INT_CONVERSION = YES;
				CLANG_WARN_OBJC_ROOT_CLASS = YES_ERROR;
				CLANG_WARN_SUSPICIOUS_MOVE = YES;
				CLANG_WARN_UNREACHABLE_CODE = YES;
				CLANG_WARN__DUPLICATE_METHOD_MATCH = YES;
				"CODE_SIGN_IDENTITY[sdk=iphoneos*]" = "iPhone Developer";
				COPY_PHASE_STRIP = NO;
				DEBUG_INFORMATION_FORMAT = dwarf;
				ENABLE_STRICT_OBJC_MSGSEND = YES;
				ENABLE_TESTABILITY = YES;
				GCC_C_LANGUAGE_STANDARD = gnu99;
				GCC_DYNAMIC_NO_PIC = NO;
				GCC_NO_COMMON_BLOCKS = YES;
				GCC_OPTIMIZATION_LEVEL = 0;
				GCC_PREPROCESSOR_DEFINITIONS = (
					"DEBUG=1",
					"$(inherited)",
				);
				GCC_WARN_64_TO_32_BIT_CONVERSION = YES;
				GCC_WARN_ABOUT_RETURN_TYPE = YES_ERROR;
				GCC_WARN_UNDECLARED_SELECTOR = YES;
				GCC_WARN_UNINITIALIZED_AUTOS = YES_AGGRESSIVE;
				GCC_WARN_UNUSED_FUNCTION = YES;
				GCC_WARN_UNUSED_VARIABLE = YES;
				IPHONEOS_DEPLOYMENT_TARGET = 10.2;
				MTL_ENABLE_DEBUG_INFO = YES;
				ONLY_ACTIVE_ARCH = YES;
				SDKROOT = iphoneos;
				SWIFT_ACTIVE_COMPILATION_CONDITIONS = DEBUG;
				SWIFT_OPTIMIZATION_LEVEL = "-Onone";
			};
			name = Debug;
		};
		FA9852871E6EE59E00E51DDB /* Release */ = {
			isa = XCBuildConfiguration;
			buildSettings = {
				ALWAYS_SEARCH_USER_PATHS = NO;
				CLANG_ANALYZER_NONNULL = YES;
				CLANG_CXX_LANGUAGE_STANDARD = "gnu++0x";
				CLANG_CXX_LIBRARY = "libc++";
				CLANG_ENABLE_MODULES = YES;
				CLANG_ENABLE_OBJC_ARC = YES;
				CLANG_WARN_BOOL_CONVERSION = YES;
				CLANG_WARN_CONSTANT_CONVERSION = YES;
				CLANG_WARN_DIRECT_OBJC_ISA_USAGE = YES_ERROR;
				CLANG_WARN_DOCUMENTATION_COMMENTS = YES;
				CLANG_WARN_EMPTY_BODY = YES;
				CLANG_WARN_ENUM_CONVERSION = YES;
				CLANG_WARN_INFINITE_RECURSION = YES;
				CLANG_WARN_INT_CONVERSION = YES;
				CLANG_WARN_OBJC_ROOT_CLASS = YES_ERROR;
				CLANG_WARN_SUSPICIOUS_MOVE = YES;
				CLANG_WARN_UNREACHABLE_CODE = YES;
				CLANG_WARN__DUPLICATE_METHOD_MATCH = YES;
				"CODE_SIGN_IDENTITY[sdk=iphoneos*]" = "iPhone Developer";
				COPY_PHASE_STRIP = NO;
				DEBUG_INFORMATION_FORMAT = "dwarf-with-dsym";
				ENABLE_NS_ASSERTIONS = NO;
				ENABLE_STRICT_OBJC_MSGSEND = YES;
				GCC_C_LANGUAGE_STANDARD = gnu99;
				GCC_NO_COMMON_BLOCKS = YES;
				GCC_WARN_64_TO_32_BIT_CONVERSION = YES;
				GCC_WARN_ABOUT_RETURN_TYPE = YES_ERROR;
				GCC_WARN_UNDECLARED_SELECTOR = YES;
				GCC_WARN_UNINITIALIZED_AUTOS = YES_AGGRESSIVE;
				GCC_WARN_UNUSED_FUNCTION = YES;
				GCC_WARN_UNUSED_VARIABLE = YES;
				IPHONEOS_DEPLOYMENT_TARGET = 10.2;
				MTL_ENABLE_DEBUG_INFO = NO;
				SDKROOT = iphoneos;
				SWIFT_OPTIMIZATION_LEVEL = "-Owholemodule";
				VALIDATE_PRODUCT = YES;
			};
			name = Release;
		};
		FA9852891E6EE59E00E51DDB /* Debug */ = {
			isa = XCBuildConfiguration;
			buildSettings = {
				ASSETCATALOG_COMPILER_APPICON_NAME = AppIcon;
				DEVELOPMENT_TEAM = L5J8WF84V2;
				INFOPLIST_FILE = PhotoCarousel/Info.plist;
				LD_RUNPATH_SEARCH_PATHS = "$(inherited) @executable_path/Frameworks";
				PRODUCT_BUNDLE_IDENTIFIER = com.villyg.PhotoCarousel;
				PRODUCT_NAME = "$(TARGET_NAME)";
				SWIFT_VERSION = 3.0;
				TARGETED_DEVICE_FAMILY = "1,2";
			};
			name = Debug;
		};
		FA98528A1E6EE59E00E51DDB /* Release */ = {
			isa = XCBuildConfiguration;
			buildSettings = {
				ASSETCATALOG_COMPILER_APPICON_NAME = AppIcon;
				DEVELOPMENT_TEAM = L5J8WF84V2;
				INFOPLIST_FILE = PhotoCarousel/Info.plist;
				LD_RUNPATH_SEARCH_PATHS = "$(inherited) @executable_path/Frameworks";
				PRODUCT_BUNDLE_IDENTIFIER = com.villyg.PhotoCarousel;
				PRODUCT_NAME = "$(TARGET_NAME)";
				SWIFT_VERSION = 3.0;
				TARGETED_DEVICE_FAMILY = "1,2";
			};
			name = Release;
		};
/* End XCBuildConfiguration section */

/* Begin XCConfigurationList section */
		FA9852711E6EE59E00E51DDB /* Build configuration list for PBXProject "PhotoCarousel" */ = {
			isa = XCConfigurationList;
			buildConfigurations = (
				FA9852861E6EE59E00E51DDB /* Debug */,
				FA9852871E6EE59E00E51DDB /* Release */,
			);
			defaultConfigurationIsVisible = 0;
			defaultConfigurationName = Release;
		};
		FA9852881E6EE59E00E51DDB /* Build configuration list for PBXNativeTarget "PhotoCarousel" */ = {
			isa = XCConfigurationList;
			buildConfigurations = (
				FA9852891E6EE59E00E51DDB /* Debug */,
				FA98528A1E6EE59E00E51DDB /* Release */,
			);
			defaultConfigurationIsVisible = 0;
			defaultConfigurationName = Release;
		};
/* End XCConfigurationList section */
	};
	rootObject = FA98526E1E6EE59E00E51DDB /* Project object */;
}
